// !$*UTF8*$!
{
	archiveVersion = 1;
	classes = {
	};
	objectVersion = 50;
	objects = {

/* Begin PBXBuildFile section */
		1B31933E24A552F000C6C87D /* AppDelegate.swift in Sources */ = {isa = PBXBuildFile; fileRef = 1B31933D24A552F000C6C87D /* AppDelegate.swift */; };
		1B31934024A552F000C6C87D /* GameScene.sks in Resources */ = {isa = PBXBuildFile; fileRef = 1B31933F24A552F000C6C87D /* GameScene.sks */; };
		1B31934224A552F000C6C87D /* Actions.sks in Resources */ = {isa = PBXBuildFile; fileRef = 1B31934124A552F000C6C87D /* Actions.sks */; };
		1B31934424A552F000C6C87D /* GameScene.swift in Sources */ = {isa = PBXBuildFile; fileRef = 1B31934324A552F000C6C87D /* GameScene.swift */; };
		1B31934624A552F000C6C87D /* GameViewController.swift in Sources */ = {isa = PBXBuildFile; fileRef = 1B31934524A552F000C6C87D /* GameViewController.swift */; };
		1B31934924A552F000C6C87D /* Main.storyboard in Resources */ = {isa = PBXBuildFile; fileRef = 1B31934724A552F000C6C87D /* Main.storyboard */; };
		1B31934B24A552F500C6C87D /* Assets.xcassets in Resources */ = {isa = PBXBuildFile; fileRef = 1B31934A24A552F500C6C87D /* Assets.xcassets */; };
		1B31934E24A552F500C6C87D /* LaunchScreen.storyboard in Resources */ = {isa = PBXBuildFile; fileRef = 1B31934C24A552F500C6C87D /* LaunchScreen.storyboard */; };
/* End PBXBuildFile section */

/* Begin PBXFileReference section */
		1B31933A24A552F000C6C87D /* Eggin'.app */ = {isa = PBXFileReference; explicitFileType = wrapper.application; includeInIndex = 0; path = "Eggin'.app"; sourceTree = BUILT_PRODUCTS_DIR; };
		1B31933D24A552F000C6C87D /* AppDelegate.swift */ = {isa = PBXFileReference; lastKnownFileType = sourcecode.swift; path = AppDelegate.swift; sourceTree = "<group>"; };
		1B31933F24A552F000C6C87D /* GameScene.sks */ = {isa = PBXFileReference; lastKnownFileType = file.sks; path = GameScene.sks; sourceTree = "<group>"; };
		1B31934124A552F000C6C87D /* Actions.sks */ = {isa = PBXFileReference; lastKnownFileType = file.sks; path = Actions.sks; sourceTree = "<group>"; };
		1B31934324A552F000C6C87D /* GameScene.swift */ = {isa = PBXFileReference; lastKnownFileType = sourcecode.swift; path = GameScene.swift; sourceTree = "<group>"; };
		1B31934524A552F000C6C87D /* GameViewController.swift */ = {isa = PBXFileReference; lastKnownFileType = sourcecode.swift; path = GameViewController.swift; sourceTree = "<group>"; };
		1B31934824A552F000C6C87D /* Base */ = {isa = PBXFileReference; lastKnownFileType = file.storyboard; name = Base; path = Base.lproj/Main.storyboard; sourceTree = "<group>"; };
		1B31934A24A552F500C6C87D /* Assets.xcassets */ = {isa = PBXFileReference; lastKnownFileType = folder.assetcatalog; path = Assets.xcassets; sourceTree = "<group>"; };
		1B31934D24A552F500C6C87D /* Base */ = {isa = PBXFileReference; lastKnownFileType = file.storyboard; name = Base; path = Base.lproj/LaunchScreen.storyboard; sourceTree = "<group>"; };
		1B31934F24A552F500C6C87D /* Info.plist */ = {isa = PBXFileReference; lastKnownFileType = text.plist.xml; path = Info.plist; sourceTree = "<group>"; };
/* End PBXFileReference section */

/* Begin PBXFrameworksBuildPhase section */
		1B31933724A552F000C6C87D /* Frameworks */ = {
			isa = PBXFrameworksBuildPhase;
			buildActionMask = 2147483647;
			files = (
			);
			runOnlyForDeploymentPostprocessing = 0;
		};
/* End PBXFrameworksBuildPhase section */

/* Begin PBXGroup section */
		1B31933124A552F000C6C87D = {
			isa = PBXGroup;
			children = (
				1B31933C24A552F000C6C87D /* Eggin' */,
				1B31933B24A552F000C6C87D /* Products */,
			);
			sourceTree = "<group>";
		};
		1B31933B24A552F000C6C87D /* Products */ = {
			isa = PBXGroup;
			children = (
				1B31933A24A552F000C6C87D /* Eggin'.app */,
			);
			name = Products;
			sourceTree = "<group>";
		};
		1B31933C24A552F000C6C87D /* Eggin' */ = {
			isa = PBXGroup;
			children = (
				1B31933D24A552F000C6C87D /* AppDelegate.swift */,
				1B31933F24A552F000C6C87D /* GameScene.sks */,
				1B31934124A552F000C6C87D /* Actions.sks */,
				1B31934324A552F000C6C87D /* GameScene.swift */,
				1B31934524A552F000C6C87D /* GameViewController.swift */,
				1B31934724A552F000C6C87D /* Main.storyboard */,
				1B31934A24A552F500C6C87D /* Assets.xcassets */,
				1B31934C24A552F500C6C87D /* LaunchScreen.storyboard */,
				1B31934F24A552F500C6C87D /* Info.plist */,
			);
			path = "Eggin'";
			sourceTree = "<group>";
		};
/* End PBXGroup section */

/* Begin PBXNativeTarget section */
		1B31933924A552F000C6C87D /* Eggin' */ = {
			isa = PBXNativeTarget;
			buildConfigurationList = 1B31935224A552F500C6C87D /* Build configuration list for PBXNativeTarget "Eggin'" */;
			buildPhases = (
				1B31933624A552F000C6C87D /* Sources */,
				1B31933724A552F000C6C87D /* Frameworks */,
				1B31933824A552F000C6C87D /* Resources */,
			);
			buildRules = (
			);
			dependencies = (
			);
			name = "Eggin'";
			productName = "Eggin'";
			productReference = 1B31933A24A552F000C6C87D /* Eggin'.app */;
			productType = "com.apple.product-type.application";
		};
/* End PBXNativeTarget section */

/* Begin PBXProject section */
		1B31933224A552F000C6C87D /* Project object */ = {
			isa = PBXProject;
			attributes = {
				LastSwiftUpdateCheck = 1150;
				LastUpgradeCheck = 1150;
				ORGANIZATIONNAME = "Benjamin Simpson";
				TargetAttributes = {
					1B31933924A552F000C6C87D = {
						CreatedOnToolsVersion = 11.5;
					};
				};
			};
			buildConfigurationList = 1B31933524A552F000C6C87D /* Build configuration list for PBXProject "Eggin'" */;
			compatibilityVersion = "Xcode 9.3";
			developmentRegion = en;
			hasScannedForEncodings = 0;
			knownRegions = (
				en,
				Base,
			);
			mainGroup = 1B31933124A552F000C6C87D;
			productRefGroup = 1B31933B24A552F000C6C87D /* Products */;
			projectDirPath = "";
			projectRoot = "";
			targets = (
				1B31933924A552F000C6C87D /* Eggin' */,
			);
		};
/* End PBXProject section */

/* Begin PBXResourcesBuildPhase section */
		1B31933824A552F000C6C87D /* Resources */ = {
			isa = PBXResourcesBuildPhase;
			buildActionMask = 2147483647;
			files = (
				1B31934924A552F000C6C87D /* Main.storyboard in Resources */,
				1B31934024A552F000C6C87D /* GameScene.sks in Resources */,
				1B31934B24A552F500C6C87D /* Assets.xcassets in Resources */,
				1B31934E24A552F500C6C87D /* LaunchScreen.storyboard in Resources */,
				1B31934224A552F000C6C87D /* Actions.sks in Resources */,
			);
			runOnlyForDeploymentPostprocessing = 0;
		};
/* End PBXResourcesBuildPhase section */

/* Begin PBXSourcesBuildPhase section */
		1B31933624A552F000C6C87D /* Sources */ = {
			isa = PBXSourcesBuildPhase;
			buildActionMask = 2147483647;
			files = (
				1B31934424A552F000C6C87D /* GameScene.swift in Sources */,
				1B31934624A552F000C6C87D /* GameViewController.swift in Sources */,
				1B31933E24A552F000C6C87D /* AppDelegate.swift in Sources */,
			);
			runOnlyForDeploymentPostprocessing = 0;
		};
/* End PBXSourcesBuildPhase section */

/* Begin PBXVariantGroup section */
		1B31934724A552F000C6C87D /* Main.storyboard */ = {
			isa = PBXVariantGroup;
			children = (
				1B31934824A552F000C6C87D /* Base */,
			);
			name = Main.storyboard;
			sourceTree = "<group>";
		};
		1B31934C24A552F500C6C87D /* LaunchScreen.storyboard */ = {
			isa = PBXVariantGroup;
			children = (
				1B31934D24A552F500C6C87D /* Base */,
			);
			name = LaunchScreen.storyboard;
			sourceTree = "<group>";
		};
/* End PBXVariantGroup section */

/* Begin XCBuildConfiguration section */
		1B31935024A552F500C6C87D /* Debug */ = {
			isa = XCBuildConfiguration;
			buildSettings = {
				ALWAYS_SEARCH_USER_PATHS = NO;
				CLANG_ANALYZER_NONNULL = YES;
				CLANG_ANALYZER_NUMBER_OBJECT_CONVERSION = YES_AGGRESSIVE;
				CLANG_CXX_LANGUAGE_STANDARD = "gnu++14";
				CLANG_CXX_LIBRARY = "libc++";
				CLANG_ENABLE_MODULES = YES;
				CLANG_ENABLE_OBJC_ARC = YES;
				CLANG_ENABLE_OBJC_WEAK = YES;
				CLANG_WARN_BLOCK_CAPTURE_AUTORELEASING = YES;
				CLANG_WARN_BOOL_CONVERSION = YES;
				CLANG_WARN_COMMA = YES;
				CLANG_WARN_CONSTANT_CONVERSION = YES;
				CLANG_WARN_DEPRECATED_OBJC_IMPLEMENTATIONS = YES;
				CLANG_WARN_DIRECT_OBJC_ISA_USAGE = YES_ERROR;
				CLANG_WARN_DOCUMENTATION_COMMENTS = YES;
				CLANG_WARN_EMPTY_BODY = YES;
				CLANG_WARN_ENUM_CONVERSION = YES;
				CLANG_WARN_INFINITE_RECURSION = YES;
				CLANG_WARN_INT_CONVERSION = YES;
				CLANG_WARN_NON_LITERAL_NULL_CONVERSION = YES;
				CLANG_WARN_OBJC_IMPLICIT_RETAIN_SELF = YES;
				CLANG_WARN_OBJC_LITERAL_CONVERSION = YES;
				CLANG_WARN_OBJC_ROOT_CLASS = YES_ERROR;
				CLANG_WARN_RANGE_LOOP_ANALYSIS = YES;
				CLANG_WARN_STRICT_PROTOTYPES = YES;
				CLANG_WARN_SUSPICIOUS_MOVE = YES;
				CLANG_WARN_UNGUARDED_AVAILABILITY = YES_AGGRESSIVE;
				CLANG_WARN_UNREACHABLE_CODE = YES;
				CLANG_WARN__DUPLICATE_METHOD_MATCH = YES;
				COPY_PHASE_STRIP = NO;
				DEBUG_INFORMATION_FORMAT = dwarf;
				ENABLE_STRICT_OBJC_MSGSEND = YES;
				ENABLE_TESTABILITY = YES;
				GCC_C_LANGUAGE_STANDARD = gnu11;
				GCC_DYNAMIC_NO_PIC = NO;
				GCC_NO_COMMON_BLOCKS = YES;
				GCC_OPTIMIZATION_LEVEL = 0;
				GCC_PREPROCESSOR_DEFINITIONS = (
					"DEBUG=1",
					"$(inherited)",
				);
				GCC_WARN_64_TO_32_BIT_CONVERSION = YES;
				GCC_WARN_ABOUT_RETURN_TYPE = YES_ERROR;
				GCC_WARN_UNDECLARED_SELECTOR = YES;
				GCC_WARN_UNINITIALIZED_AUTOS = YES_AGGRESSIVE;
				GCC_WARN_UNUSED_FUNCTION = YES;
				GCC_WARN_UNUSED_VARIABLE = YES;
				IPHONEOS_DEPLOYMENT_TARGET = 13.5;
				MTL_ENABLE_DEBUG_INFO = INCLUDE_SOURCE;
				MTL_FAST_MATH = YES;
				ONLY_ACTIVE_ARCH = YES;
				SDKROOT = iphoneos;
				SWIFT_ACTIVE_COMPILATION_CONDITIONS = DEBUG;
				SWIFT_OPTIMIZATION_LEVEL = "-Onone";
			};
			name = Debug;
		};
		1B31935124A552F500C6C87D /* Release */ = {
			isa = XCBuildConfiguration;
			buildSettings = {
				ALWAYS_SEARCH_USER_PATHS = NO;
				CLANG_ANALYZER_NONNULL = YES;
				CLANG_ANALYZER_NUMBER_OBJECT_CONVERSION = YES_AGGRESSIVE;
				CLANG_CXX_LANGUAGE_STANDARD = "gnu++14";
				CLANG_CXX_LIBRARY = "libc++";
				CLANG_ENABLE_MODULES = YES;
				CLANG_ENABLE_OBJC_ARC = YES;
				CLANG_ENABLE_OBJC_WEAK = YES;
				CLANG_WARN_BLOCK_CAPTURE_AUTORELEASING = YES;
				CLANG_WARN_BOOL_CONVERSION = YES;
				CLANG_WARN_COMMA = YES;
				CLANG_WARN_CONSTANT_CONVERSION = YES;
				CLANG_WARN_DEPRECATED_OBJC_IMPLEMENTATIONS = YES;
				CLANG_WARN_DIRECT_OBJC_ISA_USAGE = YES_ERROR;
				CLANG_WARN_DOCUMENTATION_COMMENTS = YES;
				CLANG_WARN_EMPTY_BODY = YES;
				CLANG_WARN_ENUM_CONVERSION = YES;
				CLANG_WARN_INFINITE_RECURSION = YES;
				CLANG_WARN_INT_CONVERSION = YES;
				CLANG_WARN_NON_LITERAL_NULL_CONVERSION = YES;
				CLANG_WARN_OBJC_IMPLICIT_RETAIN_SELF = YES;
				CLANG_WARN_OBJC_LITERAL_CONVERSION = YES;
				CLANG_WARN_OBJC_ROOT_CLASS = YES_ERROR;
				CLANG_WARN_RANGE_LOOP_ANALYSIS = YES;
				CLANG_WARN_STRICT_PROTOTYPES = YES;
				CLANG_WARN_SUSPICIOUS_MOVE = YES;
				CLANG_WARN_UNGUARDED_AVAILABILITY = YES_AGGRESSIVE;
				CLANG_WARN_UNREACHABLE_CODE = YES;
				CLANG_WARN__DUPLICATE_METHOD_MATCH = YES;
				COPY_PHASE_STRIP = NO;
				DEBUG_INFORMATION_FORMAT = "dwarf-with-dsym";
				ENABLE_NS_ASSERTIONS = NO;
				ENABLE_STRICT_OBJC_MSGSEND = YES;
				GCC_C_LANGUAGE_STANDARD = gnu11;
				GCC_NO_COMMON_BLOCKS = YES;
				GCC_WARN_64_TO_32_BIT_CONVERSION = YES;
				GCC_WARN_ABOUT_RETURN_TYPE = YES_ERROR;
				GCC_WARN_UNDECLARED_SELECTOR = YES;
				GCC_WARN_UNINITIALIZED_AUTOS = YES_AGGRESSIVE;
				GCC_WARN_UNUSED_FUNCTION = YES;
				GCC_WARN_UNUSED_VARIABLE = YES;
				IPHONEOS_DEPLOYMENT_TARGET = 13.5;
				MTL_ENABLE_DEBUG_INFO = NO;
				MTL_FAST_MATH = YES;
				SDKROOT = iphoneos;
				SWIFT_COMPILATION_MODE = wholemodule;
				SWIFT_OPTIMIZATION_LEVEL = "-O";
				VALIDATE_PRODUCT = YES;
			};
			name = Release;
		};
		1B31935324A552F500C6C87D /* Debug */ = {
			isa = XCBuildConfiguration;
			buildSettings = {
				ASSETCATALOG_COMPILER_APPICON_NAME = AppIcon;
				CODE_SIGN_STYLE = Automatic;
				DEVELOPMENT_TEAM = 4KT624V79W;
				INFOPLIST_FILE = "Eggin'/Info.plist";
				LD_RUNPATH_SEARCH_PATHS = (
					"$(inherited)",
					"@executable_path/Frameworks",
				);
				PRODUCT_BUNDLE_IDENTIFIER = "com.makeschool.Eggin-";
				PRODUCT_NAME = "$(TARGET_NAME)";
				SWIFT_VERSION = 5.0;
				TARGETED_DEVICE_FAMILY = "1,2";
			};
			name = Debug;
		};
		1B31935424A552F500C6C87D /* Release */ = {
			isa = XCBuildConfiguration;
			buildSettings = {
				ASSETCATALOG_COMPILER_APPICON_NAME = AppIcon;
				CODE_SIGN_STYLE = Automatic;
				DEVELOPMENT_TEAM = 4KT624V79W;
				INFOPLIST_FILE = "Eggin'/Info.plist";
				LD_RUNPATH_SEARCH_PATHS = (
					"$(inherited)",
					"@executable_path/Frameworks",
				);
				PRODUCT_BUNDLE_IDENTIFIER = "com.makeschool.Eggin-";
				PRODUCT_NAME = "$(TARGET_NAME)";
				SWIFT_VERSION = 5.0;
				TARGETED_DEVICE_FAMILY = "1,2";
			};
			name = Release;
		};
/* End XCBuildConfiguration section */

/* Begin XCConfigurationList section */
		1B31933524A552F000C6C87D /* Build configuration list for PBXProject "Eggin'" */ = {
			isa = XCConfigurationList;
			buildConfigurations = (
				1B31935024A552F500C6C87D /* Debug */,
				1B31935124A552F500C6C87D /* Release */,
			);
			defaultConfigurationIsVisible = 0;
			defaultConfigurationName = Release;
		};
		1B31935224A552F500C6C87D /* Build configuration list for PBXNativeTarget "Eggin'" */ = {
			isa = XCConfigurationList;
			buildConfigurations = (
				1B31935324A552F500C6C87D /* Debug */,
				1B31935424A552F500C6C87D /* Release */,
			);
			defaultConfigurationIsVisible = 0;
			defaultConfigurationName = Release;
		};
/* End XCConfigurationList section */
	};
	rootObject = 1B31933224A552F000C6C87D /* Project object */;
}
